
Microsoft Visual Studio Solution File, Format Version 11.00
# Visual Studio 2010
Project("{FAE04EC0-301F-11D3-BF4B-00C04F79EFBC}") = "Core", "Core\Core.csproj", "{55254DAC-8D3C-4747-9576-010A8621FBC1}"
EndProject
Project("{FAE04EC0-301F-11D3-BF4B-00C04F79EFBC}") = "Core.Contracts", "Core.Contracts\Core.Contracts.csproj", "{07D7610D-8E23-4AAB-859D-C8408AF48E90}"
EndProject
Project("{FAE04EC0-301F-11D3-BF4B-00C04F79EFBC}") = "Core.Tests", "Core.Tests\Core.Tests.csproj", "{B9609797-B313-4788-8D82-AB1C9567DB81}"
EndProject
Project("{2150E333-8FDC-42A3-9474-1A3956D46DE8}") = "Solution Items", "Solution Items", "{29F83F2D-B024-4F25-B885-652618A151B8}"
	ProjectSection(SolutionItems) = preProject
		Core.vsmdi = Core.vsmdi
		Local.testsettings = Local.testsettings
		TraceAndTestImpact.testsettings = TraceAndTestImpact.testsettings
	EndProjectSection
EndProject
Global
	GlobalSection(TestCaseManagementSettings) = postSolution
		CategoryFile = Core.vsmdi
	EndGlobalSection
	GlobalSection(SolutionConfigurationPlatforms) = preSolution
		Debug|Any CPU = Debug|Any CPU
		Release|Any CPU = Release|Any CPU
	EndGlobalSection
	GlobalSection(ProjectConfigurationPlatforms) = postSolution
		{55254DAC-8D3C-4747-9576-010A8621FBC1}.Debug|Any CPU.ActiveCfg = Debug|Any CPU
		{55254DAC-8D3C-4747-9576-010A8621FBC1}.Debug|Any CPU.Build.0 = Debug|Any CPU
		{55254DAC-8D3C-4747-9576-010A8621FBC1}.Release|Any CPU.ActiveCfg = Release|Any CPU
		{55254DAC-8D3C-4747-9576-010A8621FBC1}.Release|Any CPU.Build.0 = Release|Any CPU
		{07D7610D-8E23-4AAB-859D-C8408AF48E90}.Debug|Any CPU.ActiveCfg = Debug|Any CPU
		{07D7610D-8E23-4AAB-859D-C8408AF48E90}.Debug|Any CPU.Build.0 = Debug|Any CPU
		{07D7610D-8E23-4AAB-859D-C8408AF48E90}.Release|Any CPU.ActiveCfg = Release|Any CPU
		{07D7610D-8E23-4AAB-859D-C8408AF48E90}.Release|Any CPU.Build.0 = Release|Any CPU
		{B9609797-B313-4788-8D82-AB1C9567DB81}.Debug|Any CPU.ActiveCfg = Debug|Any CPU
		{B9609797-B313-4788-8D82-AB1C9567DB81}.Debug|Any CPU.Build.0 = Debug|Any CPU
		{B9609797-B313-4788-8D82-AB1C9567DB81}.Release|Any CPU.ActiveCfg = Release|Any CPU
		{B9609797-B313-4788-8D82-AB1C9567DB81}.Release|Any CPU.Build.0 = Release|Any CPU
	EndGlobalSection
	GlobalSection(SolutionProperties) = preSolution
		HideSolutionNode = FALSE
	EndGlobalSection
EndGlobal
